
Microsoft Visual Studio Solution File, Format Version 12.00
# Visual Studio Version 17
VisualStudioVersion = 17.10.35013.160
MinimumVisualStudioVersion = 10.0.40219.1
Project("{FAE04EC0-301F-11D3-BF4B-00C04F79EFBC}") = "MagicVilla_API", "MagicVilla_API\MagicVilla_API.csproj", "{63446153-BC3E-4715-AA52-FB311A1E8C69}"
EndProject
Global
	GlobalSection(SolutionConfigurationPlatforms) = preSolution
		Debug|Any CPU = Debug|Any CPU
		Release|Any CPU = Release|Any CPU
	EndGlobalSection
	GlobalSection(ProjectConfigurationPlatforms) = postSolution
		{63446153-BC3E-4715-AA52-FB311A1E8C69}.Debug|Any CPU.ActiveCfg = Debug|Any CPU
		{63446153-BC3E-4715-AA52-FB311A1E8C69}.Debug|Any CPU.Build.0 = Debug|Any CPU
		{63446153-BC3E-4715-AA52-FB311A1E8C69}.Release|Any CPU.ActiveCfg = Release|Any CPU
		{63446153-BC3E-4715-AA52-FB311A1E8C69}.Release|Any CPU.Build.0 = Release|Any CPU
	EndGlobalSection
	GlobalSection(SolutionProperties) = preSolution
		HideSolutionNode = FALSE
	EndGlobalSection
	GlobalSection(ExtensibilityGlobals) = postSolution
		SolutionGuid = {2CD78BC3-E912-447D-B06A-779FE58BBBA0}
	EndGlobalSection
EndGlobal
